
Microsoft Visual Studio Solution File, Format Version 12.00
# Visual Studio Version 16
VisualStudioVersion = 16.0.31515.178
MinimumVisualStudioVersion = 10.0.40219.1
Project("{9A19103F-16F7-4668-BE54-9A1E7A4F7556}") = "efcoredemo", "efcoredemo\efcoredemo.csproj", "{BD95EFE9-D4D2-4833-80DD-E731ED3F0933}"
EndProject
Global
	GlobalSection(SolutionConfigurationPlatforms) = preSolution
		Debug|Any CPU = Debug|Any CPU
		Debug|x64 = Debug|x64
		Release|Any CPU = Release|Any CPU
		Release|x64 = Release|x64
	EndGlobalSection
	GlobalSection(ProjectConfigurationPlatforms) = postSolution
		{BD95EFE9-D4D2-4833-80DD-E731ED3F0933}.Debug|Any CPU.ActiveCfg = Debug|Any CPU
		{BD95EFE9-D4D2-4833-80DD-E731ED3F0933}.Debug|Any CPU.Build.0 = Debug|Any CPU
		{BD95EFE9-D4D2-4833-80DD-E731ED3F0933}.Debug|x64.ActiveCfg = Debug|x64
		{BD95EFE9-D4D2-4833-80DD-E731ED3F0933}.Debug|x64.Build.0 = Debug|x64
		{BD95EFE9-D4D2-4833-80DD-E731ED3F0933}.Release|Any CPU.ActiveCfg = Release|Any CPU
		{BD95EFE9-D4D2-4833-80DD-E731ED3F0933}.Release|Any CPU.Build.0 = Release|Any CPU
		{BD95EFE9-D4D2-4833-80DD-E731ED3F0933}.Release|x64.ActiveCfg = Release|x64
		{BD95EFE9-D4D2-4833-80DD-E731ED3F0933}.Release|x64.Build.0 = Release|x64
	EndGlobalSection
	GlobalSection(SolutionProperties) = preSolution
		HideSolutionNode = FALSE
	EndGlobalSection
	GlobalSection(ExtensibilityGlobals) = postSolution
		SolutionGuid = {03653573-EA06-431C-A108-FCA554ADC6A3}
	EndGlobalSection
EndGlobal
